{
  "name": "@fluentqa/chainlibs",
  "version": "1.0.0",
  "lockfileVersion": 2,
  "requires": true,
  "packages": {
    "": {
      "name": "@fluentqa/chainlibs",
      "version": "1.0.0",
      "license": "ISC",
      "devDependencies": {
        "ts-node": "^10.8.0",
        "typescript": "^4.7.2"
      },
      "workspaces": {
        "packages": [
          "packages/*"
        ]
      }
    },
    "../../node_modules/.pnpm/@types+node@17.0.36/node_modules/@types/node": {
      "version": "17.0.36",
      "extraneous": true,
      "license": "MIT"
    },
    "../../node_modules/.pnpm/axios@0.27.2/node_modules/axios": {
      "version": "0.27.2",
      "extraneous": true,
      "license": "MIT",
      "dependencies": {
        "follow-redirects": "^1.14.9",
        "form-data": "^4.0.0"
      },
      "devDependencies": {
        "abortcontroller-polyfill": "^1.7.3",
        "coveralls": "^3.1.1",
        "dtslint": "^4.2.1",
        "es6-promise": "^4.2.8",
        "formidable": "^2.0.1",
        "grunt": "^1.4.1",
        "grunt-banner": "^0.6.0",
        "grunt-cli": "^1.4.3",
        "grunt-contrib-clean": "^2.0.0",
        "grunt-contrib-watch": "^1.1.0",
        "grunt-eslint": "^24.0.0",
        "grunt-karma": "^4.0.2",
        "grunt-mocha-test": "^0.13.3",
        "grunt-webpack": "^5.0.0",
        "istanbul-instrumenter-loader": "^3.0.1",
        "jasmine-core": "^2.4.1",
        "karma": "^6.3.17",
        "karma-chrome-launcher": "^3.1.1",
        "karma-firefox-launcher": "^2.1.2",
        "karma-jasmine": "^1.1.1",
        "karma-jasmine-ajax": "^0.1.13",
        "karma-safari-launcher": "^1.0.0",
        "karma-sauce-launcher": "^4.3.6",
        "karma-sinon": "^1.0.5",
        "karma-sourcemap-loader": "^0.3.8",
        "karma-webpack": "^4.0.2",
        "load-grunt-tasks": "^5.1.0",
        "minimist": "^1.2.6",
        "mocha": "^8.2.1",
        "sinon": "^4.5.0",
        "terser-webpack-plugin": "^4.2.3",
        "typescript": "^4.6.3",
        "url-search-params": "^0.10.0",
        "webpack": "^4.44.2",
        "webpack-dev-server": "^3.11.0"
      }
    },
    "../../node_modules/.pnpm/ethers@5.6.8/node_modules/ethers": {
      "version": "5.6.8",
      "extraneous": true,
      "funding": [
        {
          "type": "individual",
          "url": "https://gitcoin.co/grants/13/ethersjs-complete-simple-and-tiny-2"
        },
        {
          "type": "individual",
          "url": "https://www.buymeacoffee.com/ricmoo"
        }
      ],
      "license": "MIT",
      "dependencies": {
        "@ethersproject/abi": "5.6.3",
        "@ethersproject/abstract-provider": "5.6.1",
        "@ethersproject/abstract-signer": "5.6.2",
        "@ethersproject/address": "5.6.1",
        "@ethersproject/base64": "5.6.1",
        "@ethersproject/basex": "5.6.1",
        "@ethersproject/bignumber": "5.6.2",
        "@ethersproject/bytes": "5.6.1",
        "@ethersproject/constants": "5.6.1",
        "@ethersproject/contracts": "5.6.2",
        "@ethersproject/hash": "5.6.1",
        "@ethersproject/hdnode": "5.6.2",
        "@ethersproject/json-wallets": "5.6.1",
        "@ethersproject/keccak256": "5.6.1",
        "@ethersproject/logger": "5.6.0",
        "@ethersproject/networks": "5.6.3",
        "@ethersproject/pbkdf2": "5.6.1",
        "@ethersproject/properties": "5.6.0",
        "@ethersproject/providers": "5.6.8",
        "@ethersproject/random": "5.6.1",
        "@ethersproject/rlp": "5.6.1",
        "@ethersproject/sha2": "5.6.1",
        "@ethersproject/signing-key": "5.6.2",
        "@ethersproject/solidity": "5.6.1",
        "@ethersproject/strings": "5.6.1",
        "@ethersproject/transactions": "5.6.2",
        "@ethersproject/units": "5.6.1",
        "@ethersproject/wallet": "5.6.2",
        "@ethersproject/web": "5.6.1",
        "@ethersproject/wordlists": "5.6.1"
      }
    },
    "../../node_modules/.pnpm/ts-node@10.8.0_w6gfxie3xfwntbz3mwbbvycbdq/node_modules/ts-node": {
      "version": "10.8.0",
      "dev": true,
      "license": "MIT",
      "dependencies": {
        "@cspotcode/source-map-support": "^0.8.0",
        "@tsconfig/node10": "^1.0.7",
        "@tsconfig/node12": "^1.0.7",
        "@tsconfig/node14": "^1.0.0",
        "@tsconfig/node16": "^1.0.2",
        "acorn": "^8.4.1",
        "acorn-walk": "^8.1.1",
        "arg": "^4.1.0",
        "create-require": "^1.1.0",
        "diff": "^4.0.1",
        "make-error": "^1.1.1",
        "v8-compile-cache-lib": "^3.0.1",
        "yn": "3.1.1"
      },
      "bin": {
        "ts-node": "dist/bin.js",
        "ts-node-cwd": "dist/bin-cwd.js",
        "ts-node-esm": "dist/bin-esm.js",
        "ts-node-script": "dist/bin-script.js",
        "ts-node-transpile-only": "dist/bin-transpile.js",
        "ts-script": "dist/bin-script-deprecated.js"
      },
      "devDependencies": {
        "@microsoft/api-extractor": "^7.19.4",
        "@swc/core": ">=1.2.50",
        "@swc/wasm": ">=1.2.50",
        "@types/diff": "^4.0.2",
        "@types/lodash": "^4.14.151",
        "@types/node": "13.13.5",
        "@types/proper-lockfile": "^4.1.2",
        "@types/proxyquire": "^1.3.28",
        "@types/react": "^16.14.19",
        "@types/rimraf": "^3.0.0",
        "@types/semver": "^7.1.0",
        "@yarnpkg/fslib": "^2.4.0",
        "ava": "^3.15.0",
        "axios": "^0.21.1",
        "dprint": "^0.25.0",
        "expect": "^27.0.2",
        "get-stream": "^6.0.0",
        "lodash": "^4.17.15",
        "ntypescript": "^1.201507091536.1",
        "nyc": "^15.0.1",
        "proper-lockfile": "^4.1.2",
        "proxyquire": "^2.0.0",
        "react": "^16.14.0",
        "rimraf": "^3.0.0",
        "semver": "^7.1.3",
        "throat": "^6.0.1",
        "typedoc": "^0.22.10",
        "typescript": "4.6.4",
        "typescript-json-schema": "^0.53.0",
        "util.promisify": "^1.0.1"
      },
      "peerDependencies": {
        "@swc/core": ">=1.2.50",
        "@swc/wasm": ">=1.2.50",
        "@types/node": "*",
        "typescript": ">=2.7"
      },
      "peerDependenciesMeta": {
        "@swc/core": {
          "optional": true
        },
        "@swc/wasm": {
          "optional": true
        }
      }
    },
    "../../node_modules/.pnpm/typescript@4.7.2/node_modules/typescript": {
      "version": "4.7.2",
      "dev": true,
      "license": "Apache-2.0",
      "bin": {
        "tsc": "bin/tsc",
        "tsserver": "bin/tsserver"
      },
      "devDependencies": {
        "@octokit/rest": "latest",
        "@types/chai": "latest",
        "@types/convert-source-map": "latest",
        "@types/glob": "latest",
        "@types/gulp": "^4.0.9",
        "@types/gulp-concat": "latest",
        "@types/gulp-newer": "latest",
        "@types/gulp-rename": "0.0.33",
        "@types/gulp-sourcemaps": "0.0.32",
        "@types/merge2": "latest",
        "@types/microsoft__typescript-etw": "latest",
        "@types/minimatch": "latest",
        "@types/minimist": "latest",
        "@types/mkdirp": "latest",
        "@types/mocha": "latest",
        "@types/ms": "latest",
        "@types/node": "latest",
        "@types/node-fetch": "^2.3.4",
        "@types/q": "latest",
        "@types/source-map-support": "latest",
        "@types/xml2js": "^0.4.0",
        "@typescript-eslint/eslint-plugin": "^4.28.0",
        "@typescript-eslint/experimental-utils": "^4.28.0",
        "@typescript-eslint/parser": "^4.28.0",
        "async": "latest",
        "azure-devops-node-api": "^11.0.1",
        "chai": "latest",
        "chalk": "^4.1.2",
        "convert-source-map": "latest",
        "del": "5.1.0",
        "diff": "^4.0.2",
        "eslint": "7.12.1",
        "eslint-formatter-autolinkable-stylish": "1.1.4",
        "eslint-plugin-import": "2.22.1",
        "eslint-plugin-jsdoc": "30.7.6",
        "eslint-plugin-no-null": "1.0.2",
        "fancy-log": "latest",
        "fs-extra": "^9.0.0",
        "glob": "latest",
        "gulp": "^4.0.0",
        "gulp-concat": "latest",
        "gulp-insert": "latest",
        "gulp-newer": "latest",
        "gulp-rename": "latest",
        "gulp-sourcemaps": "latest",
        "merge2": "latest",
        "minimist": "latest",
        "mkdirp": "latest",
        "mocha": "latest",
        "mocha-fivemat-progress-reporter": "latest",
        "ms": "^2.1.3",
        "node-fetch": "^2.6.1",
        "prex": "^0.4.3",
        "q": "latest",
        "source-map-support": "latest",
        "typescript": "^4.5.5",
        "vinyl": "latest",
        "vinyl-sourcemaps-apply": "latest",
        "xml2js": "^0.4.19"
      },
      "engines": {
        "node": ">=4.2.0"
      }
    },
    "../../node_modules/.pnpm/web3@1.7.3/node_modules/web3": {
      "version": "1.7.3",
      "extraneous": true,
      "hasInstallScript": true,
      "license": "LGPL-3.0",
      "dependencies": {
        "web3-bzz": "1.7.3",
        "web3-core": "1.7.3",
        "web3-eth": "1.7.3",
        "web3-eth-personal": "1.7.3",
        "web3-net": "1.7.3",
        "web3-shh": "1.7.3",
        "web3-utils": "1.7.3"
      },
      "devDependencies": {
        "@types/node": "^12.12.6",
        "dtslint": "^3.4.1",
        "typescript": "^3.9.5",
        "web3-core-helpers": "1.7.3"
      },
      "engines": {
        "node": ">=8.0.0"
      }
    },
    "node_modules/hardhat-project": {
      "resolved": "packages/fluent-contract",
      "link": true
    },
    "node_modules/ts-node": {
      "resolved": "../../node_modules/.pnpm/ts-node@10.8.0_w6gfxie3xfwntbz3mwbbvycbdq/node_modules/ts-node",
      "link": true
    },
    "node_modules/typescript": {
      "resolved": "../../node_modules/.pnpm/typescript@4.7.2/node_modules/typescript",
      "link": true
    },
    "packages/fluent-contract": {}
  },
  "dependencies": {
    "hardhat-project": {
      "version": "file:packages/fluent-contract"
    },
    "ts-node": {
      "version": "file:../../node_modules/.pnpm/ts-node@10.8.0_w6gfxie3xfwntbz3mwbbvycbdq/node_modules/ts-node",
      "requires": {
        "@cspotcode/source-map-support": "^0.8.0",
        "@microsoft/api-extractor": "^7.19.4",
        "@swc/core": ">=1.2.50",
        "@swc/wasm": ">=1.2.50",
        "@tsconfig/node10": "^1.0.7",
        "@tsconfig/node12": "^1.0.7",
        "@tsconfig/node14": "^1.0.0",
        "@tsconfig/node16": "^1.0.2",
        "@types/diff": "^4.0.2",
        "@types/lodash": "^4.14.151",
        "@types/node": "13.13.5",
        "@types/proper-lockfile": "^4.1.2",
        "@types/proxyquire": "^1.3.28",
        "@types/react": "^16.14.19",
        "@types/rimraf": "^3.0.0",
        "@types/semver": "^7.1.0",
        "@yarnpkg/fslib": "^2.4.0",
        "acorn": "^8.4.1",
        "acorn-walk": "^8.1.1",
        "arg": "^4.1.0",
        "ava": "^3.15.0",
        "axios": "^0.21.1",
        "create-require": "^1.1.0",
        "diff": "^4.0.1",
        "dprint": "^0.25.0",
        "expect": "^27.0.2",
        "get-stream": "^6.0.0",
        "lodash": "^4.17.15",
        "make-error": "^1.1.1",
        "ntypescript": "^1.201507091536.1",
        "nyc": "^15.0.1",
        "proper-lockfile": "^4.1.2",
        "proxyquire": "^2.0.0",
        "react": "^16.14.0",
        "rimraf": "^3.0.0",
        "semver": "^7.1.3",
        "throat": "^6.0.1",
        "typedoc": "^0.22.10",
        "typescript": "4.6.4",
        "typescript-json-schema": "^0.53.0",
        "util.promisify": "^1.0.1",
        "v8-compile-cache-lib": "^3.0.1",
        "yn": "3.1.1"
      }
    },
    "typescript": {
      "version": "file:../../node_modules/.pnpm/typescript@4.7.2/node_modules/typescript",
      "requires": {
        "@octokit/rest": "latest",
        "@types/chai": "latest",
        "@types/convert-source-map": "latest",
        "@types/glob": "latest",
        "@types/gulp": "^4.0.9",
        "@types/gulp-concat": "latest",
        "@types/gulp-newer": "latest",
        "@types/gulp-rename": "0.0.33",
        "@types/gulp-sourcemaps": "0.0.32",
        "@types/merge2": "latest",
        "@types/microsoft__typescript-etw": "latest",
        "@types/minimatch": "latest",
        "@types/minimist": "latest",
        "@types/mkdirp": "latest",
        "@types/mocha": "latest",
        "@types/ms": "latest",
        "@types/node": "latest",
        "@types/node-fetch": "^2.3.4",
        "@types/q": "latest",
        "@types/source-map-support": "latest",
        "@types/xml2js": "^0.4.0",
        "@typescript-eslint/eslint-plugin": "^4.28.0",
        "@typescript-eslint/experimental-utils": "^4.28.0",
        "@typescript-eslint/parser": "^4.28.0",
        "async": "latest",
        "azure-devops-node-api": "^11.0.1",
        "chai": "latest",
        "chalk": "^4.1.2",
        "convert-source-map": "latest",
        "del": "5.1.0",
        "diff": "^4.0.2",
        "eslint": "7.12.1",
        "eslint-formatter-autolinkable-stylish": "1.1.4",
        "eslint-plugin-import": "2.22.1",
        "eslint-plugin-jsdoc": "30.7.6",
        "eslint-plugin-no-null": "1.0.2",
        "fancy-log": "latest",
        "fs-extra": "^9.0.0",
        "glob": "latest",
        "gulp": "^4.0.0",
        "gulp-concat": "latest",
        "gulp-insert": "latest",
        "gulp-newer": "latest",
        "gulp-rename": "latest",
        "gulp-sourcemaps": "latest",
        "merge2": "latest",
        "minimist": "latest",
        "mkdirp": "latest",
        "mocha": "latest",
        "mocha-fivemat-progress-reporter": "latest",
        "ms": "^2.1.3",
        "node-fetch": "^2.6.1",
        "prex": "^0.4.3",
        "q": "latest",
        "source-map-support": "latest",
        "typescript": "^4.5.5",
        "vinyl": "latest",
        "vinyl-sourcemaps-apply": "latest",
        "xml2js": "^0.4.19"
      }
    }
  }
}
